
Microsoft Visual Studio Solution File, Format Version 12.00
# Visual Studio Version 17
VisualStudioVersion = 17.14.36705.20
MinimumVisualStudioVersion = 10.0.40219.1
Project("{FAE04EC0-301F-11D3-BF4B-00C04F79EFBC}") = "AVICOLA.DESIGNER", "AVICOLA_MINORISTA.DESIGNER\AVICOLA.DESIGNER.csproj", "{EB1F95E1-7700-4BAF-BCEA-626E5B39E0E2}"
EndProject
Project("{FAE04EC0-301F-11D3-BF4B-00C04F79EFBC}") = "AVICOLA.DAL", "AVICOLA.DAL\AVICOLA.DAL.csproj", "{90180F17-EEEA-4BE1-9748-5B66D8AB202A}"
EndProject
Project("{FAE04EC0-301F-11D3-BF4B-00C04F79EFBC}") = "AVICOLA.BOL", "AVICOLA.BOL\AVICOLA.BOL.csproj", "{6176465D-122C-4846-AD34-A43EAEE9801F}"
EndProject
Global
	GlobalSection(SolutionConfigurationPlatforms) = preSolution
		Debug|Any CPU = Debug|Any CPU
		Release|Any CPU = Release|Any CPU
	EndGlobalSection
	GlobalSection(ProjectConfigurationPlatforms) = postSolution
		{EB1F95E1-7700-4BAF-BCEA-626E5B39E0E2}.Debug|Any CPU.ActiveCfg = Debug|Any CPU
		{EB1F95E1-7700-4BAF-BCEA-626E5B39E0E2}.Debug|Any CPU.Build.0 = Debug|Any CPU
		{EB1F95E1-7700-4BAF-BCEA-626E5B39E0E2}.Release|Any CPU.ActiveCfg = Release|Any CPU
		{EB1F95E1-7700-4BAF-BCEA-626E5B39E0E2}.Release|Any CPU.Build.0 = Release|Any CPU
		{90180F17-EEEA-4BE1-9748-5B66D8AB202A}.Debug|Any CPU.ActiveCfg = Debug|Any CPU
		{90180F17-EEEA-4BE1-9748-5B66D8AB202A}.Debug|Any CPU.Build.0 = Debug|Any CPU
		{90180F17-EEEA-4BE1-9748-5B66D8AB202A}.Release|Any CPU.ActiveCfg = Release|Any CPU
		{90180F17-EEEA-4BE1-9748-5B66D8AB202A}.Release|Any CPU.Build.0 = Release|Any CPU
		{6176465D-122C-4846-AD34-A43EAEE9801F}.Debug|Any CPU.ActiveCfg = Debug|Any CPU
		{6176465D-122C-4846-AD34-A43EAEE9801F}.Debug|Any CPU.Build.0 = Debug|Any CPU
		{6176465D-122C-4846-AD34-A43EAEE9801F}.Release|Any CPU.ActiveCfg = Release|Any CPU
		{6176465D-122C-4846-AD34-A43EAEE9801F}.Release|Any CPU.Build.0 = Release|Any CPU
	EndGlobalSection
	GlobalSection(SolutionProperties) = preSolution
		HideSolutionNode = FALSE
	EndGlobalSection
	GlobalSection(ExtensibilityGlobals) = postSolution
		SolutionGuid = {E2AACDCD-B550-4B42-BB72-B39A91F7A326}
	EndGlobalSection
EndGlobal
